// !$*UTF8*$!
{
	archiveVersion = 1;
	classes = {
	};
	objectVersion = 56;
	objects = {

/* Begin PBXBuildFile section */
		130F689F2917B81900038FAA /* testContentView.1.png in Resources */ = {isa = PBXBuildFile; fileRef = 130F689E2917B81900038FAA /* testContentView.1.png */; };
		130F68A32917CAF100038FAA /* ingredientView.swift in Sources */ = {isa = PBXBuildFile; fileRef = 130F68A22917CAF100038FAA /* ingredientView.swift */; };
		130F68A52917CC7300038FAA /* IngredientsTests.swift in Sources */ = {isa = PBXBuildFile; fileRef = 130F68A42917CC7300038FAA /* IngredientsTests.swift */; };
		1314848429164F7300974A02 /* SnapshotTesting in Frameworks */ = {isa = PBXBuildFile; productRef = 1314848329164F7300974A02 /* SnapshotTesting */; };
		131484882916536400974A02 /* testHaderView.1.png in Resources */ = {isa = PBXBuildFile; fileRef = 131484872916536400974A02 /* testHaderView.1.png */; };
		1314848F2916587B00974A02 /* testHaderView.1.png in Resources */ = {isa = PBXBuildFile; fileRef = 1314848A2916587B00974A02 /* testHaderView.1.png */; };
		131484912916587B00974A02 /* testButtonView.1.png in Resources */ = {isa = PBXBuildFile; fileRef = 1314848C2916587B00974A02 /* testButtonView.1.png */; };
		131484922916587B00974A02 /* testRowView.1.png in Resources */ = {isa = PBXBuildFile; fileRef = 1314848D2916587B00974A02 /* testRowView.1.png */; };
		131484932916587B00974A02 /* testInputView.1.png in Resources */ = {isa = PBXBuildFile; fileRef = 1314848E2916587B00974A02 /* testInputView.1.png */; };
		13148495291662A000974A02 /* customPizzaView.swift in Sources */ = {isa = PBXBuildFile; fileRef = 13148494291662A000974A02 /* customPizzaView.swift */; };
		134D09DB290EF6AC00A68700 /* headerView.swift in Sources */ = {isa = PBXBuildFile; fileRef = 134D09DA290EF6AC00A68700 /* headerView.swift */; };
		134D09DD290EF78B00A68700 /* rowView.swift in Sources */ = {isa = PBXBuildFile; fileRef = 134D09DC290EF78B00A68700 /* rowView.swift */; };
		134D09DF290EFB6200A68700 /* buttonView.swift in Sources */ = {isa = PBXBuildFile; fileRef = 134D09DE290EFB6200A68700 /* buttonView.swift */; };
		134D09E1290EFFC900A68700 /* inputView.swift in Sources */ = {isa = PBXBuildFile; fileRef = 134D09E0290EFFC900A68700 /* inputView.swift */; };
		134D09E3290F099A00A68700 /* OrderViewModel.swift in Sources */ = {isa = PBXBuildFile; fileRef = 134D09E2290F099A00A68700 /* OrderViewModel.swift */; };
		134D929029180376001C2CC8 /* DetailView.swift in Sources */ = {isa = PBXBuildFile; fileRef = 134D928F29180376001C2CC8 /* DetailView.swift */; };
		134D92922918048F001C2CC8 /* CartView.swift in Sources */ = {isa = PBXBuildFile; fileRef = 134D92912918048F001C2CC8 /* CartView.swift */; };
		13663BDF29154E900069F6ED /* SnapshotTests.swift in Sources */ = {isa = PBXBuildFile; fileRef = 13663BDE29154E900069F6ED /* SnapshotTests.swift */; };
		13E4C34E290D1A4100BECA2B /* BuonAPPetitoApp.swift in Sources */ = {isa = PBXBuildFile; fileRef = 13E4C34D290D1A4100BECA2B /* BuonAPPetitoApp.swift */; };
		13E4C350290D1A4100BECA2B /* ContentView.swift in Sources */ = {isa = PBXBuildFile; fileRef = 13E4C34F290D1A4100BECA2B /* ContentView.swift */; };
		13E4C352290D1A4200BECA2B /* Assets.xcassets in Resources */ = {isa = PBXBuildFile; fileRef = 13E4C351290D1A4200BECA2B /* Assets.xcassets */; };
		13E4C355290D1A4200BECA2B /* Preview Assets.xcassets in Resources */ = {isa = PBXBuildFile; fileRef = 13E4C354290D1A4200BECA2B /* Preview Assets.xcassets */; };
		13E4C35F290D1A4300BECA2B /* BuonAPPetitoTests.swift in Sources */ = {isa = PBXBuildFile; fileRef = 13E4C35E290D1A4300BECA2B /* BuonAPPetitoTests.swift */; };
		13E4C369290D1A4300BECA2B /* BuonAPPetitoUITests.swift in Sources */ = {isa = PBXBuildFile; fileRef = 13E4C368290D1A4300BECA2B /* BuonAPPetitoUITests.swift */; };
		13E4C36B290D1A4300BECA2B /* BuonAPPetitoUITestsLaunchTests.swift in Sources */ = {isa = PBXBuildFile; fileRef = 13E4C36A290D1A4300BECA2B /* BuonAPPetitoUITestsLaunchTests.swift */; };
		13E4C381290D1DD100BECA2B /* Ingredient.swift in Sources */ = {isa = PBXBuildFile; fileRef = 13E4C380290D1DD100BECA2B /* Ingredient.swift */; };
		13E4C383290D1DEC00BECA2B /* Mock.swift in Sources */ = {isa = PBXBuildFile; fileRef = 13E4C382290D1DEC00BECA2B /* Mock.swift */; };
		13E4C385290D1DFF00BECA2B /* Pizza.swift in Sources */ = {isa = PBXBuildFile; fileRef = 13E4C384290D1DFF00BECA2B /* Pizza.swift */; };
		13E4C387290D1E0F00BECA2B /* Order.swift in Sources */ = {isa = PBXBuildFile; fileRef = 13E4C386290D1E0F00BECA2B /* Order.swift */; };
		13E4C388290D1E1D00BECA2B /* Mock.swift in Sources */ = {isa = PBXBuildFile; fileRef = 13E4C382290D1DEC00BECA2B /* Mock.swift */; };
		13E4C389290D24A400BECA2B /* Ingredient.swift in Sources */ = {isa = PBXBuildFile; fileRef = 13E4C380290D1DD100BECA2B /* Ingredient.swift */; };
		13E4C38A290D24A700BECA2B /* Pizza.swift in Sources */ = {isa = PBXBuildFile; fileRef = 13E4C384290D1DFF00BECA2B /* Pizza.swift */; };
		13E4C38B290D24AA00BECA2B /* Order.swift in Sources */ = {isa = PBXBuildFile; fileRef = 13E4C386290D1E0F00BECA2B /* Order.swift */; };
/* End PBXBuildFile section */

/* Begin PBXContainerItemProxy section */
		13E4C35B290D1A4300BECA2B /* PBXContainerItemProxy */ = {
			isa = PBXContainerItemProxy;
			containerPortal = 13E4C342290D1A4100BECA2B /* Project object */;
			proxyType = 1;
			remoteGlobalIDString = 13E4C349290D1A4100BECA2B;
			remoteInfo = BuonAPPetito;
		};
		13E4C365290D1A4300BECA2B /* PBXContainerItemProxy */ = {
			isa = PBXContainerItemProxy;
			containerPortal = 13E4C342290D1A4100BECA2B /* Project object */;
			proxyType = 1;
			remoteGlobalIDString = 13E4C349290D1A4100BECA2B;
			remoteInfo = BuonAPPetito;
		};
/* End PBXContainerItemProxy section */

/* Begin PBXFileReference section */
		130F689E2917B81900038FAA /* testContentView.1.png */ = {isa = PBXFileReference; lastKnownFileType = image.png; path = testContentView.1.png; sourceTree = "<group>"; };
		130F68A22917CAF100038FAA /* ingredientView.swift */ = {isa = PBXFileReference; lastKnownFileType = sourcecode.swift; path = ingredientView.swift; sourceTree = "<group>"; };
		130F68A42917CC7300038FAA /* IngredientsTests.swift */ = {isa = PBXFileReference; lastKnownFileType = sourcecode.swift; path = IngredientsTests.swift; sourceTree = "<group>"; };
		131484872916536400974A02 /* testHaderView.1.png */ = {isa = PBXFileReference; lastKnownFileType = image.png; path = testHaderView.1.png; sourceTree = "<group>"; };
		1314848A2916587B00974A02 /* testHaderView.1.png */ = {isa = PBXFileReference; lastKnownFileType = image.png; path = testHaderView.1.png; sourceTree = "<group>"; };
		1314848C2916587B00974A02 /* testButtonView.1.png */ = {isa = PBXFileReference; lastKnownFileType = image.png; path = testButtonView.1.png; sourceTree = "<group>"; };
		1314848D2916587B00974A02 /* testRowView.1.png */ = {isa = PBXFileReference; lastKnownFileType = image.png; path = testRowView.1.png; sourceTree = "<group>"; };
		1314848E2916587B00974A02 /* testInputView.1.png */ = {isa = PBXFileReference; lastKnownFileType = image.png; path = testInputView.1.png; sourceTree = "<group>"; };
		13148494291662A000974A02 /* customPizzaView.swift */ = {isa = PBXFileReference; lastKnownFileType = sourcecode.swift; path = customPizzaView.swift; sourceTree = "<group>"; };
		134D09DA290EF6AC00A68700 /* headerView.swift */ = {isa = PBXFileReference; lastKnownFileType = sourcecode.swift; path = headerView.swift; sourceTree = "<group>"; };
		134D09DC290EF78B00A68700 /* rowView.swift */ = {isa = PBXFileReference; lastKnownFileType = sourcecode.swift; path = rowView.swift; sourceTree = "<group>"; };
		134D09DE290EFB6200A68700 /* buttonView.swift */ = {isa = PBXFileReference; lastKnownFileType = sourcecode.swift; path = buttonView.swift; sourceTree = "<group>"; };
		134D09E0290EFFC900A68700 /* inputView.swift */ = {isa = PBXFileReference; lastKnownFileType = sourcecode.swift; path = inputView.swift; sourceTree = "<group>"; };
		134D09E2290F099A00A68700 /* OrderViewModel.swift */ = {isa = PBXFileReference; lastKnownFileType = sourcecode.swift; path = OrderViewModel.swift; sourceTree = "<group>"; };
		134D928F29180376001C2CC8 /* DetailView.swift */ = {isa = PBXFileReference; lastKnownFileType = sourcecode.swift; path = DetailView.swift; sourceTree = "<group>"; };
		134D92912918048F001C2CC8 /* CartView.swift */ = {isa = PBXFileReference; lastKnownFileType = sourcecode.swift; path = CartView.swift; sourceTree = "<group>"; };
		13663BDE29154E900069F6ED /* SnapshotTests.swift */ = {isa = PBXFileReference; lastKnownFileType = sourcecode.swift; path = SnapshotTests.swift; sourceTree = "<group>"; };
		13E4C34A290D1A4100BECA2B /* BuonAPPetito.app */ = {isa = PBXFileReference; explicitFileType = wrapper.application; includeInIndex = 0; path = BuonAPPetito.app; sourceTree = BUILT_PRODUCTS_DIR; };
		13E4C34D290D1A4100BECA2B /* BuonAPPetitoApp.swift */ = {isa = PBXFileReference; lastKnownFileType = sourcecode.swift; path = BuonAPPetitoApp.swift; sourceTree = "<group>"; };
		13E4C34F290D1A4100BECA2B /* ContentView.swift */ = {isa = PBXFileReference; lastKnownFileType = sourcecode.swift; path = ContentView.swift; sourceTree = "<group>"; };
		13E4C351290D1A4200BECA2B /* Assets.xcassets */ = {isa = PBXFileReference; lastKnownFileType = folder.assetcatalog; path = Assets.xcassets; sourceTree = "<group>"; };
		13E4C354290D1A4200BECA2B /* Preview Assets.xcassets */ = {isa = PBXFileReference; lastKnownFileType = folder.assetcatalog; path = "Preview Assets.xcassets"; sourceTree = "<group>"; };
		13E4C35A290D1A4300BECA2B /* BuonAPPetitoTests.xctest */ = {isa = PBXFileReference; explicitFileType = wrapper.cfbundle; includeInIndex = 0; path = BuonAPPetitoTests.xctest; sourceTree = BUILT_PRODUCTS_DIR; };
		13E4C35E290D1A4300BECA2B /* BuonAPPetitoTests.swift */ = {isa = PBXFileReference; lastKnownFileType = sourcecode.swift; path = BuonAPPetitoTests.swift; sourceTree = "<group>"; };
		13E4C364290D1A4300BECA2B /* BuonAPPetitoUITests.xctest */ = {isa = PBXFileReference; explicitFileType = wrapper.cfbundle; includeInIndex = 0; path = BuonAPPetitoUITests.xctest; sourceTree = BUILT_PRODUCTS_DIR; };
		13E4C368290D1A4300BECA2B /* BuonAPPetitoUITests.swift */ = {isa = PBXFileReference; lastKnownFileType = sourcecode.swift; path = BuonAPPetitoUITests.swift; sourceTree = "<group>"; };
		13E4C36A290D1A4300BECA2B /* BuonAPPetitoUITestsLaunchTests.swift */ = {isa = PBXFileReference; lastKnownFileType = sourcecode.swift; path = BuonAPPetitoUITestsLaunchTests.swift; sourceTree = "<group>"; };
		13E4C380290D1DD100BECA2B /* Ingredient.swift */ = {isa = PBXFileReference; lastKnownFileType = sourcecode.swift; path = Ingredient.swift; sourceTree = "<group>"; };
		13E4C382290D1DEC00BECA2B /* Mock.swift */ = {isa = PBXFileReference; lastKnownFileType = sourcecode.swift; path = Mock.swift; sourceTree = "<group>"; };
		13E4C384290D1DFF00BECA2B /* Pizza.swift */ = {isa = PBXFileReference; lastKnownFileType = sourcecode.swift; path = Pizza.swift; sourceTree = "<group>"; };
		13E4C386290D1E0F00BECA2B /* Order.swift */ = {isa = PBXFileReference; lastKnownFileType = sourcecode.swift; path = Order.swift; sourceTree = "<group>"; };
/* End PBXFileReference section */

/* Begin PBXFrameworksBuildPhase section */
		13E4C347290D1A4100BECA2B /* Frameworks */ = {
			isa = PBXFrameworksBuildPhase;
			buildActionMask = 2147483647;
			files = (
			);
			runOnlyForDeploymentPostprocessing = 0;
		};
		13E4C357290D1A4300BECA2B /* Frameworks */ = {
			isa = PBXFrameworksBuildPhase;
			buildActionMask = 2147483647;
			files = (
				1314848429164F7300974A02 /* SnapshotTesting in Frameworks */,
			);
			runOnlyForDeploymentPostprocessing = 0;
		};
		13E4C361290D1A4300BECA2B /* Frameworks */ = {
			isa = PBXFrameworksBuildPhase;
			buildActionMask = 2147483647;
			files = (
			);
			runOnlyForDeploymentPostprocessing = 0;
		};
/* End PBXFrameworksBuildPhase section */

/* Begin PBXGroup section */
		131484852916536400974A02 /* __Snapshots__ */ = {
			isa = PBXGroup;
			children = (
				131484862916536400974A02 /* SnapshotTests */,
			);
			name = __Snapshots__;
			path = BuonAPPetitoTests/__Snapshots__;
			sourceTree = SOURCE_ROOT;
		};
		131484862916536400974A02 /* SnapshotTests */ = {
			isa = PBXGroup;
			children = (
				1314848C2916587B00974A02 /* testButtonView.1.png */,
				1314848A2916587B00974A02 /* testHaderView.1.png */,
				130F689E2917B81900038FAA /* testContentView.1.png */,
				1314848E2916587B00974A02 /* testInputView.1.png */,
				1314848D2916587B00974A02 /* testRowView.1.png */,
				131484872916536400974A02 /* testHaderView.1.png */,
			);
			path = SnapshotTests;
			sourceTree = "<group>";
		};
		13E4C341290D1A4100BECA2B = {
			isa = PBXGroup;
			children = (
				13E4C34C290D1A4100BECA2B /* BuonAPPetito */,
				13E4C35D290D1A4300BECA2B /* BuonAPPetitoTests */,
				13E4C367290D1A4300BECA2B /* BuonAPPetitoUITests */,
				13E4C34B290D1A4100BECA2B /* Products */,
			);
			sourceTree = "<group>";
		};
		13E4C34B290D1A4100BECA2B /* Products */ = {
			isa = PBXGroup;
			children = (
				13E4C34A290D1A4100BECA2B /* BuonAPPetito.app */,
				13E4C35A290D1A4300BECA2B /* BuonAPPetitoTests.xctest */,
				13E4C364290D1A4300BECA2B /* BuonAPPetitoUITests.xctest */,
			);
			name = Products;
			sourceTree = "<group>";
		};
		13E4C34C290D1A4100BECA2B /* BuonAPPetito */ = {
			isa = PBXGroup;
			children = (
				13E4C377290D1D9000BECA2B /* DataSource */,
				13E4C34D290D1A4100BECA2B /* BuonAPPetitoApp.swift */,
				13E4C34F290D1A4100BECA2B /* ContentView.swift */,
				13E4C351290D1A4200BECA2B /* Assets.xcassets */,
				13E4C353290D1A4200BECA2B /* Preview Content */,
				134D09DA290EF6AC00A68700 /* headerView.swift */,
				134D09DC290EF78B00A68700 /* rowView.swift */,
				134D09DE290EFB6200A68700 /* buttonView.swift */,
				134D09E0290EFFC900A68700 /* inputView.swift */,
				134D09E2290F099A00A68700 /* OrderViewModel.swift */,
				13148494291662A000974A02 /* customPizzaView.swift */,
				130F68A22917CAF100038FAA /* ingredientView.swift */,
				134D928F29180376001C2CC8 /* DetailView.swift */,
				134D92912918048F001C2CC8 /* CartView.swift */,
			);
			path = BuonAPPetito;
			sourceTree = "<group>";
		};
		13E4C353290D1A4200BECA2B /* Preview Content */ = {
			isa = PBXGroup;
			children = (
				13E4C354290D1A4200BECA2B /* Preview Assets.xcassets */,
			);
			path = "Preview Content";
			sourceTree = "<group>";
		};
		13E4C35D290D1A4300BECA2B /* BuonAPPetitoTests */ = {
			isa = PBXGroup;
			children = (
				131484852916536400974A02 /* __Snapshots__ */,
				13E4C35E290D1A4300BECA2B /* BuonAPPetitoTests.swift */,
				13663BDE29154E900069F6ED /* SnapshotTests.swift */,
				130F68A42917CC7300038FAA /* IngredientsTests.swift */,
			);
			path = BuonAPPetitoTests;
			sourceTree = "<group>";
		};
		13E4C367290D1A4300BECA2B /* BuonAPPetitoUITests */ = {
			isa = PBXGroup;
			children = (
				13E4C368290D1A4300BECA2B /* BuonAPPetitoUITests.swift */,
				13E4C36A290D1A4300BECA2B /* BuonAPPetitoUITestsLaunchTests.swift */,
			);
			path = BuonAPPetitoUITests;
			sourceTree = "<group>";
		};
		13E4C377290D1D9000BECA2B /* DataSource */ = {
			isa = PBXGroup;
			children = (
				13E4C380290D1DD100BECA2B /* Ingredient.swift */,
				13E4C382290D1DEC00BECA2B /* Mock.swift */,
				13E4C384290D1DFF00BECA2B /* Pizza.swift */,
				13E4C386290D1E0F00BECA2B /* Order.swift */,
			);
			path = DataSource;
			sourceTree = "<group>";
		};
/* End PBXGroup section */

/* Begin PBXNativeTarget section */
		13E4C349290D1A4100BECA2B /* BuonAPPetito */ = {
			isa = PBXNativeTarget;
			buildConfigurationList = 13E4C36E290D1A4300BECA2B /* Build configuration list for PBXNativeTarget "BuonAPPetito" */;
			buildPhases = (
				13E4C346290D1A4100BECA2B /* Sources */,
				13E4C347290D1A4100BECA2B /* Frameworks */,
				13E4C348290D1A4100BECA2B /* Resources */,
			);
			buildRules = (
			);
			dependencies = (
			);
			name = BuonAPPetito;
			packageProductDependencies = (
			);
			productName = BuonAPPetito;
			productReference = 13E4C34A290D1A4100BECA2B /* BuonAPPetito.app */;
			productType = "com.apple.product-type.application";
		};
		13E4C359290D1A4300BECA2B /* BuonAPPetitoTests */ = {
			isa = PBXNativeTarget;
			buildConfigurationList = 13E4C371290D1A4300BECA2B /* Build configuration list for PBXNativeTarget "BuonAPPetitoTests" */;
			buildPhases = (
				13E4C356290D1A4300BECA2B /* Sources */,
				13E4C357290D1A4300BECA2B /* Frameworks */,
				13E4C358290D1A4300BECA2B /* Resources */,
			);
			buildRules = (
			);
			dependencies = (
				13E4C35C290D1A4300BECA2B /* PBXTargetDependency */,
			);
			name = BuonAPPetitoTests;
			packageProductDependencies = (
				1314848329164F7300974A02 /* SnapshotTesting */,
			);
			productName = BuonAPPetitoTests;
			productReference = 13E4C35A290D1A4300BECA2B /* BuonAPPetitoTests.xctest */;
			productType = "com.apple.product-type.bundle.unit-test";
		};
		13E4C363290D1A4300BECA2B /* BuonAPPetitoUITests */ = {
			isa = PBXNativeTarget;
			buildConfigurationList = 13E4C374290D1A4300BECA2B /* Build configuration list for PBXNativeTarget "BuonAPPetitoUITests" */;
			buildPhases = (
				13E4C360290D1A4300BECA2B /* Sources */,
				13E4C361290D1A4300BECA2B /* Frameworks */,
				13E4C362290D1A4300BECA2B /* Resources */,
			);
			buildRules = (
			);
			dependencies = (
				13E4C366290D1A4300BECA2B /* PBXTargetDependency */,
			);
			name = BuonAPPetitoUITests;
			productName = BuonAPPetitoUITests;
			productReference = 13E4C364290D1A4300BECA2B /* BuonAPPetitoUITests.xctest */;
			productType = "com.apple.product-type.bundle.ui-testing";
		};
/* End PBXNativeTarget section */

/* Begin PBXProject section */
		13E4C342290D1A4100BECA2B /* Project object */ = {
			isa = PBXProject;
			attributes = {
				BuildIndependentTargetsInParallel = 1;
				LastSwiftUpdateCheck = 1400;
				LastUpgradeCheck = 1400;
				TargetAttributes = {
					13E4C349290D1A4100BECA2B = {
						CreatedOnToolsVersion = 14.0;
					};
					13E4C359290D1A4300BECA2B = {
						CreatedOnToolsVersion = 14.0;
						TestTargetID = 13E4C349290D1A4100BECA2B;
					};
					13E4C363290D1A4300BECA2B = {
						CreatedOnToolsVersion = 14.0;
						TestTargetID = 13E4C349290D1A4100BECA2B;
					};
				};
			};
			buildConfigurationList = 13E4C345290D1A4100BECA2B /* Build configuration list for PBXProject "BuonAPPetito" */;
			compatibilityVersion = "Xcode 14.0";
			developmentRegion = en;
			hasScannedForEncodings = 0;
			knownRegions = (
				en,
				Base,
			);
			mainGroup = 13E4C341290D1A4100BECA2B;
			packageReferences = (
				1314848229164F7300974A02 /* XCRemoteSwiftPackageReference "swift-snapshot-testing" */,
			);
			productRefGroup = 13E4C34B290D1A4100BECA2B /* Products */;
			projectDirPath = "";
			projectRoot = "";
			targets = (
				13E4C349290D1A4100BECA2B /* BuonAPPetito */,
				13E4C359290D1A4300BECA2B /* BuonAPPetitoTests */,
				13E4C363290D1A4300BECA2B /* BuonAPPetitoUITests */,
			);
		};
/* End PBXProject section */

/* Begin PBXResourcesBuildPhase section */
		13E4C348290D1A4100BECA2B /* Resources */ = {
			isa = PBXResourcesBuildPhase;
			buildActionMask = 2147483647;
			files = (
				13E4C355290D1A4200BECA2B /* Preview Assets.xcassets in Resources */,
				13E4C352290D1A4200BECA2B /* Assets.xcassets in Resources */,
			);
			runOnlyForDeploymentPostprocessing = 0;
		};
		13E4C358290D1A4300BECA2B /* Resources */ = {
			isa = PBXResourcesBuildPhase;
			buildActionMask = 2147483647;
			files = (
				131484922916587B00974A02 /* testRowView.1.png in Resources */,
				1314848F2916587B00974A02 /* testHaderView.1.png in Resources */,
				131484912916587B00974A02 /* testButtonView.1.png in Resources */,
				131484882916536400974A02 /* testHaderView.1.png in Resources */,
				131484932916587B00974A02 /* testInputView.1.png in Resources */,
				130F689F2917B81900038FAA /* testContentView.1.png in Resources */,
			);
			runOnlyForDeploymentPostprocessing = 0;
		};
		13E4C362290D1A4300BECA2B /* Resources */ = {
			isa = PBXResourcesBuildPhase;
			buildActionMask = 2147483647;
			files = (
			);
			runOnlyForDeploymentPostprocessing = 0;
		};
/* End PBXResourcesBuildPhase section */

/* Begin PBXSourcesBuildPhase section */
		13E4C346290D1A4100BECA2B /* Sources */ = {
			isa = PBXSourcesBuildPhase;
			buildActionMask = 2147483647;
			files = (
				134D92922918048F001C2CC8 /* CartView.swift in Sources */,
				13E4C385290D1DFF00BECA2B /* Pizza.swift in Sources */,
				134D09E3290F099A00A68700 /* OrderViewModel.swift in Sources */,
				13E4C350290D1A4100BECA2B /* ContentView.swift in Sources */,
				134D929029180376001C2CC8 /* DetailView.swift in Sources */,
				13E4C381290D1DD100BECA2B /* Ingredient.swift in Sources */,
				130F68A32917CAF100038FAA /* ingredientView.swift in Sources */,
				134D09DF290EFB6200A68700 /* buttonView.swift in Sources */,
				134D09DD290EF78B00A68700 /* rowView.swift in Sources */,
				134D09E1290EFFC900A68700 /* inputView.swift in Sources */,
				134D09DB290EF6AC00A68700 /* headerView.swift in Sources */,
				13148495291662A000974A02 /* customPizzaView.swift in Sources */,
				13E4C383290D1DEC00BECA2B /* Mock.swift in Sources */,
				13E4C34E290D1A4100BECA2B /* BuonAPPetitoApp.swift in Sources */,
				13E4C387290D1E0F00BECA2B /* Order.swift in Sources */,
			);
			runOnlyForDeploymentPostprocessing = 0;
		};
		13E4C356290D1A4300BECA2B /* Sources */ = {
			isa = PBXSourcesBuildPhase;
			buildActionMask = 2147483647;
			files = (
				13E4C38A290D24A700BECA2B /* Pizza.swift in Sources */,
				13663BDF29154E900069F6ED /* SnapshotTests.swift in Sources */,
				130F68A52917CC7300038FAA /* IngredientsTests.swift in Sources */,
				13E4C35F290D1A4300BECA2B /* BuonAPPetitoTests.swift in Sources */,
				13E4C38B290D24AA00BECA2B /* Order.swift in Sources */,
				13E4C388290D1E1D00BECA2B /* Mock.swift in Sources */,
				13E4C389290D24A400BECA2B /* Ingredient.swift in Sources */,
			);
			runOnlyForDeploymentPostprocessing = 0;
		};
		13E4C360290D1A4300BECA2B /* Sources */ = {
			isa = PBXSourcesBuildPhase;
			buildActionMask = 2147483647;
			files = (
				13E4C36B290D1A4300BECA2B /* BuonAPPetitoUITestsLaunchTests.swift in Sources */,
				13E4C369290D1A4300BECA2B /* BuonAPPetitoUITests.swift in Sources */,
			);
			runOnlyForDeploymentPostprocessing = 0;
		};
/* End PBXSourcesBuildPhase section */

/* Begin PBXTargetDependency section */
		13E4C35C290D1A4300BECA2B /* PBXTargetDependency */ = {
			isa = PBXTargetDependency;
			target = 13E4C349290D1A4100BECA2B /* BuonAPPetito */;
			targetProxy = 13E4C35B290D1A4300BECA2B /* PBXContainerItemProxy */;
		};
		13E4C366290D1A4300BECA2B /* PBXTargetDependency */ = {
			isa = PBXTargetDependency;
			target = 13E4C349290D1A4100BECA2B /* BuonAPPetito */;
			targetProxy = 13E4C365290D1A4300BECA2B /* PBXContainerItemProxy */;
		};
/* End PBXTargetDependency section */

/* Begin XCBuildConfiguration section */
		13E4C36C290D1A4300BECA2B /* Debug */ = {
			isa = XCBuildConfiguration;
			buildSettings = {
				ALWAYS_SEARCH_USER_PATHS = NO;
				CLANG_ANALYZER_NONNULL = YES;
				CLANG_ANALYZER_NUMBER_OBJECT_CONVERSION = YES_AGGRESSIVE;
				CLANG_CXX_LANGUAGE_STANDARD = "gnu++20";
				CLANG_ENABLE_MODULES = YES;
				CLANG_ENABLE_OBJC_ARC = YES;
				CLANG_ENABLE_OBJC_WEAK = YES;
				CLANG_WARN_BLOCK_CAPTURE_AUTORELEASING = YES;
				CLANG_WARN_BOOL_CONVERSION = YES;
				CLANG_WARN_COMMA = YES;
				CLANG_WARN_CONSTANT_CONVERSION = YES;
				CLANG_WARN_DEPRECATED_OBJC_IMPLEMENTATIONS = YES;
				CLANG_WARN_DIRECT_OBJC_ISA_USAGE = YES_ERROR;
				CLANG_WARN_DOCUMENTATION_COMMENTS = YES;
				CLANG_WARN_EMPTY_BODY = YES;
				CLANG_WARN_ENUM_CONVERSION = YES;
				CLANG_WARN_INFINITE_RECURSION = YES;
				CLANG_WARN_INT_CONVERSION = YES;
				CLANG_WARN_NON_LITERAL_NULL_CONVERSION = YES;
				CLANG_WARN_OBJC_IMPLICIT_RETAIN_SELF = YES;
				CLANG_WARN_OBJC_LITERAL_CONVERSION = YES;
				CLANG_WARN_OBJC_ROOT_CLASS = YES_ERROR;
				CLANG_WARN_QUOTED_INCLUDE_IN_FRAMEWORK_HEADER = YES;
				CLANG_WARN_RANGE_LOOP_ANALYSIS = YES;
				CLANG_WARN_STRICT_PROTOTYPES = YES;
				CLANG_WARN_SUSPICIOUS_MOVE = YES;
				CLANG_WARN_UNGUARDED_AVAILABILITY = YES_AGGRESSIVE;
				CLANG_WARN_UNREACHABLE_CODE = YES;
				CLANG_WARN__DUPLICATE_METHOD_MATCH = YES;
				COPY_PHASE_STRIP = NO;
				DEBUG_INFORMATION_FORMAT = dwarf;
				ENABLE_STRICT_OBJC_MSGSEND = YES;
				ENABLE_TESTABILITY = YES;
				GCC_C_LANGUAGE_STANDARD = gnu11;
				GCC_DYNAMIC_NO_PIC = NO;
				GCC_NO_COMMON_BLOCKS = YES;
				GCC_OPTIMIZATION_LEVEL = 0;
				GCC_PREPROCESSOR_DEFINITIONS = (
					"DEBUG=1",
					"$(inherited)",
				);
				GCC_WARN_64_TO_32_BIT_CONVERSION = YES;
				GCC_WARN_ABOUT_RETURN_TYPE = YES_ERROR;
				GCC_WARN_UNDECLARED_SELECTOR = YES;
				GCC_WARN_UNINITIALIZED_AUTOS = YES_AGGRESSIVE;
				GCC_WARN_UNUSED_FUNCTION = YES;
				GCC_WARN_UNUSED_VARIABLE = YES;
				IPHONEOS_DEPLOYMENT_TARGET = 16.0;
				MTL_ENABLE_DEBUG_INFO = INCLUDE_SOURCE;
				MTL_FAST_MATH = YES;
				ONLY_ACTIVE_ARCH = YES;
				SDKROOT = iphoneos;
				SWIFT_ACTIVE_COMPILATION_CONDITIONS = DEBUG;
				SWIFT_OPTIMIZATION_LEVEL = "-Onone";
			};
			name = Debug;
		};
		13E4C36D290D1A4300BECA2B /* Release */ = {
			isa = XCBuildConfiguration;
			buildSettings = {
				ALWAYS_SEARCH_USER_PATHS = NO;
				CLANG_ANALYZER_NONNULL = YES;
				CLANG_ANALYZER_NUMBER_OBJECT_CONVERSION = YES_AGGRESSIVE;
				CLANG_CXX_LANGUAGE_STANDARD = "gnu++20";
				CLANG_ENABLE_MODULES = YES;
				CLANG_ENABLE_OBJC_ARC = YES;
				CLANG_ENABLE_OBJC_WEAK = YES;
				CLANG_WARN_BLOCK_CAPTURE_AUTORELEASING = YES;
				CLANG_WARN_BOOL_CONVERSION = YES;
				CLANG_WARN_COMMA = YES;
				CLANG_WARN_CONSTANT_CONVERSION = YES;
				CLANG_WARN_DEPRECATED_OBJC_IMPLEMENTATIONS = YES;
				CLANG_WARN_DIRECT_OBJC_ISA_USAGE = YES_ERROR;
				CLANG_WARN_DOCUMENTATION_COMMENTS = YES;
				CLANG_WARN_EMPTY_BODY = YES;
				CLANG_WARN_ENUM_CONVERSION = YES;
				CLANG_WARN_INFINITE_RECURSION = YES;
				CLANG_WARN_INT_CONVERSION = YES;
				CLANG_WARN_NON_LITERAL_NULL_CONVERSION = YES;
				CLANG_WARN_OBJC_IMPLICIT_RETAIN_SELF = YES;
				CLANG_WARN_OBJC_LITERAL_CONVERSION = YES;
				CLANG_WARN_OBJC_ROOT_CLASS = YES_ERROR;
				CLANG_WARN_QUOTED_INCLUDE_IN_FRAMEWORK_HEADER = YES;
				CLANG_WARN_RANGE_LOOP_ANALYSIS = YES;
				CLANG_WARN_STRICT_PROTOTYPES = YES;
				CLANG_WARN_SUSPICIOUS_MOVE = YES;
				CLANG_WARN_UNGUARDED_AVAILABILITY = YES_AGGRESSIVE;
				CLANG_WARN_UNREACHABLE_CODE = YES;
				CLANG_WARN__DUPLICATE_METHOD_MATCH = YES;
				COPY_PHASE_STRIP = NO;
				DEBUG_INFORMATION_FORMAT = "dwarf-with-dsym";
				ENABLE_NS_ASSERTIONS = NO;
				ENABLE_STRICT_OBJC_MSGSEND = YES;
				GCC_C_LANGUAGE_STANDARD = gnu11;
				GCC_NO_COMMON_BLOCKS = YES;
				GCC_WARN_64_TO_32_BIT_CONVERSION = YES;
				GCC_WARN_ABOUT_RETURN_TYPE = YES_ERROR;
				GCC_WARN_UNDECLARED_SELECTOR = YES;
				GCC_WARN_UNINITIALIZED_AUTOS = YES_AGGRESSIVE;
				GCC_WARN_UNUSED_FUNCTION = YES;
				GCC_WARN_UNUSED_VARIABLE = YES;
				IPHONEOS_DEPLOYMENT_TARGET = 16.0;
				MTL_ENABLE_DEBUG_INFO = NO;
				MTL_FAST_MATH = YES;
				SDKROOT = iphoneos;
				SWIFT_COMPILATION_MODE = wholemodule;
				SWIFT_OPTIMIZATION_LEVEL = "-O";
				VALIDATE_PRODUCT = YES;
			};
			name = Release;
		};
		13E4C36F290D1A4300BECA2B /* Debug */ = {
			isa = XCBuildConfiguration;
			buildSettings = {
				ASSETCATALOG_COMPILER_APPICON_NAME = AppIcon;
				ASSETCATALOG_COMPILER_GLOBAL_ACCENT_COLOR_NAME = AccentColor;
				CODE_SIGN_STYLE = Automatic;
				CURRENT_PROJECT_VERSION = 1;
				DEVELOPMENT_ASSET_PATHS = "\"BuonAPPetito/Preview Content\"";
				ENABLE_PREVIEWS = YES;
				GENERATE_INFOPLIST_FILE = YES;
				INFOPLIST_KEY_UIApplicationSceneManifest_Generation = YES;
				INFOPLIST_KEY_UIApplicationSupportsIndirectInputEvents = YES;
				INFOPLIST_KEY_UILaunchScreen_Generation = YES;
				INFOPLIST_KEY_UISupportedInterfaceOrientations_iPad = "UIInterfaceOrientationPortrait UIInterfaceOrientationPortraitUpsideDown UIInterfaceOrientationLandscapeLeft UIInterfaceOrientationLandscapeRight";
				INFOPLIST_KEY_UISupportedInterfaceOrientations_iPhone = "UIInterfaceOrientationPortrait UIInterfaceOrientationLandscapeLeft UIInterfaceOrientationLandscapeRight";
				LD_RUNPATH_SEARCH_PATHS = (
					"$(inherited)",
					"@executable_path/Frameworks",
				);
				MARKETING_VERSION = 1.0;
				PRODUCT_BUNDLE_IDENTIFIER = dev.dianait.BuonAPPetito;
				PRODUCT_NAME = "$(TARGET_NAME)";
				SWIFT_EMIT_LOC_STRINGS = YES;
				SWIFT_VERSION = 5.0;
				TARGETED_DEVICE_FAMILY = "1,2";
			};
			name = Debug;
		};
		13E4C370290D1A4300BECA2B /* Release */ = {
			isa = XCBuildConfiguration;
			buildSettings = {
				ASSETCATALOG_COMPILER_APPICON_NAME = AppIcon;
				ASSETCATALOG_COMPILER_GLOBAL_ACCENT_COLOR_NAME = AccentColor;
				CODE_SIGN_STYLE = Automatic;
				CURRENT_PROJECT_VERSION = 1;
				DEVELOPMENT_ASSET_PATHS = "\"BuonAPPetito/Preview Content\"";
				ENABLE_PREVIEWS = YES;
				GENERATE_INFOPLIST_FILE = YES;
				INFOPLIST_KEY_UIApplicationSceneManifest_Generation = YES;
				INFOPLIST_KEY_UIApplicationSupportsIndirectInputEvents = YES;
				INFOPLIST_KEY_UILaunchScreen_Generation = YES;
				INFOPLIST_KEY_UISupportedInterfaceOrientations_iPad = "UIInterfaceOrientationPortrait UIInterfaceOrientationPortraitUpsideDown UIInterfaceOrientationLandscapeLeft UIInterfaceOrientationLandscapeRight";
				INFOPLIST_KEY_UISupportedInterfaceOrientations_iPhone = "UIInterfaceOrientationPortrait UIInterfaceOrientationLandscapeLeft UIInterfaceOrientationLandscapeRight";
				LD_RUNPATH_SEARCH_PATHS = (
					"$(inherited)",
					"@executable_path/Frameworks",
				);
				MARKETING_VERSION = 1.0;
				PRODUCT_BUNDLE_IDENTIFIER = dev.dianait.BuonAPPetito;
				PRODUCT_NAME = "$(TARGET_NAME)";
				SWIFT_EMIT_LOC_STRINGS = YES;
				SWIFT_VERSION = 5.0;
				TARGETED_DEVICE_FAMILY = "1,2";
			};
			name = Release;
		};
		13E4C372290D1A4300BECA2B /* Debug */ = {
			isa = XCBuildConfiguration;
			buildSettings = {
				ALWAYS_EMBED_SWIFT_STANDARD_LIBRARIES = YES;
				BUNDLE_LOADER = "$(TEST_HOST)";
				CODE_SIGN_STYLE = Automatic;
				CURRENT_PROJECT_VERSION = 1;
				GENERATE_INFOPLIST_FILE = YES;
				IPHONEOS_DEPLOYMENT_TARGET = 16.0;
				MARKETING_VERSION = 1.0;
				PRODUCT_BUNDLE_IDENTIFIER = dev.dianait.BuonAPPetitoTests;
				PRODUCT_NAME = "$(TARGET_NAME)";
				SWIFT_EMIT_LOC_STRINGS = NO;
				SWIFT_VERSION = 5.0;
				TARGETED_DEVICE_FAMILY = "1,2";
				TEST_HOST = "$(BUILT_PRODUCTS_DIR)/BuonAPPetito.app/$(BUNDLE_EXECUTABLE_FOLDER_PATH)/BuonAPPetito";
			};
			name = Debug;
		};
		13E4C373290D1A4300BECA2B /* Release */ = {
			isa = XCBuildConfiguration;
			buildSettings = {
				ALWAYS_EMBED_SWIFT_STANDARD_LIBRARIES = YES;
				BUNDLE_LOADER = "$(TEST_HOST)";
				CODE_SIGN_STYLE = Automatic;
				CURRENT_PROJECT_VERSION = 1;
				GENERATE_INFOPLIST_FILE = YES;
				IPHONEOS_DEPLOYMENT_TARGET = 16.0;
				MARKETING_VERSION = 1.0;
				PRODUCT_BUNDLE_IDENTIFIER = dev.dianait.BuonAPPetitoTests;
				PRODUCT_NAME = "$(TARGET_NAME)";
				SWIFT_EMIT_LOC_STRINGS = NO;
				SWIFT_VERSION = 5.0;
				TARGETED_DEVICE_FAMILY = "1,2";
				TEST_HOST = "$(BUILT_PRODUCTS_DIR)/BuonAPPetito.app/$(BUNDLE_EXECUTABLE_FOLDER_PATH)/BuonAPPetito";
			};
			name = Release;
		};
		13E4C375290D1A4300BECA2B /* Debug */ = {
			isa = XCBuildConfiguration;
			buildSettings = {
				ALWAYS_EMBED_SWIFT_STANDARD_LIBRARIES = YES;
				CODE_SIGN_STYLE = Automatic;
				CURRENT_PROJECT_VERSION = 1;
				GENERATE_INFOPLIST_FILE = YES;
				MARKETING_VERSION = 1.0;
				PRODUCT_BUNDLE_IDENTIFIER = dev.dianait.BuonAPPetitoUITests;
				PRODUCT_NAME = "$(TARGET_NAME)";
				SWIFT_EMIT_LOC_STRINGS = NO;
				SWIFT_VERSION = 5.0;
				TARGETED_DEVICE_FAMILY = "1,2";
				TEST_TARGET_NAME = BuonAPPetito;
			};
			name = Debug;
		};
		13E4C376290D1A4300BECA2B /* Release */ = {
			isa = XCBuildConfiguration;
			buildSettings = {
				ALWAYS_EMBED_SWIFT_STANDARD_LIBRARIES = YES;
				CODE_SIGN_STYLE = Automatic;
				CURRENT_PROJECT_VERSION = 1;
				GENERATE_INFOPLIST_FILE = YES;
				MARKETING_VERSION = 1.0;
				PRODUCT_BUNDLE_IDENTIFIER = dev.dianait.BuonAPPetitoUITests;
				PRODUCT_NAME = "$(TARGET_NAME)";
				SWIFT_EMIT_LOC_STRINGS = NO;
				SWIFT_VERSION = 5.0;
				TARGETED_DEVICE_FAMILY = "1,2";
				TEST_TARGET_NAME = BuonAPPetito;
			};
			name = Release;
		};
/* End XCBuildConfiguration section */

/* Begin XCConfigurationList section */
		13E4C345290D1A4100BECA2B /* Build configuration list for PBXProject "BuonAPPetito" */ = {
			isa = XCConfigurationList;
			buildConfigurations = (
				13E4C36C290D1A4300BECA2B /* Debug */,
				13E4C36D290D1A4300BECA2B /* Release */,
			);
			defaultConfigurationIsVisible = 0;
			defaultConfigurationName = Release;
		};
		13E4C36E290D1A4300BECA2B /* Build configuration list for PBXNativeTarget "BuonAPPetito" */ = {
			isa = XCConfigurationList;
			buildConfigurations = (
				13E4C36F290D1A4300BECA2B /* Debug */,
				13E4C370290D1A4300BECA2B /* Release */,
			);
			defaultConfigurationIsVisible = 0;
			defaultConfigurationName = Release;
		};
		13E4C371290D1A4300BECA2B /* Build configuration list for PBXNativeTarget "BuonAPPetitoTests" */ = {
			isa = XCConfigurationList;
			buildConfigurations = (
				13E4C372290D1A4300BECA2B /* Debug */,
				13E4C373290D1A4300BECA2B /* Release */,
			);
			defaultConfigurationIsVisible = 0;
			defaultConfigurationName = Release;
		};
		13E4C374290D1A4300BECA2B /* Build configuration list for PBXNativeTarget "BuonAPPetitoUITests" */ = {
			isa = XCConfigurationList;
			buildConfigurations = (
				13E4C375290D1A4300BECA2B /* Debug */,
				13E4C376290D1A4300BECA2B /* Release */,
			);
			defaultConfigurationIsVisible = 0;
			defaultConfigurationName = Release;
		};
/* End XCConfigurationList section */

/* Begin XCRemoteSwiftPackageReference section */
		1314848229164F7300974A02 /* XCRemoteSwiftPackageReference "swift-snapshot-testing" */ = {
			isa = XCRemoteSwiftPackageReference;
			repositoryURL = "https://github.com/pointfreeco/swift-snapshot-testing.git";
			requirement = {
				kind = upToNextMajorVersion;
				minimumVersion = 1.0.0;
			};
		};
/* End XCRemoteSwiftPackageReference section */

/* Begin XCSwiftPackageProductDependency section */
		1314848329164F7300974A02 /* SnapshotTesting */ = {
			isa = XCSwiftPackageProductDependency;
			package = 1314848229164F7300974A02 /* XCRemoteSwiftPackageReference "swift-snapshot-testing" */;
			productName = SnapshotTesting;
		};
/* End XCSwiftPackageProductDependency section */
	};
	rootObject = 13E4C342290D1A4100BECA2B /* Project object */;
}
